<?xml version="1.0" encoding="utf-8"?>
<Project ToolsVersion="4.0" xmlns="http://schemas.microsoft.com/developer/msbuild/2003">
  <ItemGroup>
    <Filter Include="Source Files">
      <UniqueIdentifier>{4FC737F1-C7A5-4376-A066-2A32D752A2FF}</UniqueIdentifier>
      <Extensions>cpp;c;cc;cxx;def;odl;idl;hpj;bat;asm;asmx</Extensions>
    </Filter>
    <Filter Include="Header Files">
      <UniqueIdentifier>{93995380-89BD-4b04-88EB-625FBE52EBFB}</UniqueIdentifier>
      <Extensions>h;hpp;hxx;hm;inl;inc;xsd</Extensions>
    </Filter>
    <Filter Include="Resource Files">
      <UniqueIdentifier>{67DA6AB6-F800-4c08-8B7A-83BB121AAD01}</UniqueIdentifier>
      <Extensions>rc;ico;cur;bmp;dlg;rc2;rct;bin;rgs;gif;jpg;jpeg;jpe;resx;tiff;tif;png;wav;mfcribbon-ms</Extensions>
    </Filter>
    <Filter Include="Driver Files">
      <UniqueIdentifier>{8E41214B-6785-4CFE-B992-037D68949A14}</UniqueIdentifier>
      <Extensions>inf;inv;inx;mof;mc;</Extensions>
    </Filter>
  </ItemGroup>
  <ItemGroup>
    <Inf Include="LCXLShadowDriver.inf">
      <Filter>Driver Files</Filter>
    </Inf>
  </ItemGroup>
  <ItemGroup>
    <ClInclude Include="aes.h">
      <Filter>Header Files</Filter>
    </ClInclude>
    <ClInclude Include="aesex.h">
      <Filter>Header Files</Filter>
    </ClInclude>
    <ClInclude Include="aesopt.h">
      <Filter>Header Files</Filter>
    </ClInclude>
    <ClInclude Include="bitmapmgr.h">
      <Filter>Header Files</Filter>
    </ClInclude>
    <ClInclude Include="bootvid.h">
      <Filter>Header Files</Filter>
    </ClInclude>
    <ClInclude Include="diskfilter.h">
      <Filter>Header Files</Filter>
    </ClInclude>
    <ClInclude Include="diskiocode.h">
      <Filter>Header Files</Filter>
    </ClInclude>
    <ClInclude Include="diskvolfilter.h">
      <Filter>Header Files</Filter>
    </ClInclude>
    <ClInclude Include="driver.h">
      <Filter>Header Files</Filter>
    </ClInclude>
    <ClInclude Include="driverinterface.h">
      <Filter>Header Files</Filter>
    </ClInclude>
    <ClInclude Include="driverlib.h">
      <Filter>Header Files</Filter>
    </ClInclude>
    <ClInclude Include="driverlibinterface.h">
      <Filter>Header Files</Filter>
    </ClInclude>
    <ClInclude Include="fatlbr.h">
      <Filter>Header Files</Filter>
    </ClInclude>
    <ClInclude Include="filesysfilter.h">
      <Filter>Header Files</Filter>
    </ClInclude>
    <ClInclude Include="notify.h">
      <Filter>Header Files</Filter>
    </ClInclude>
    <ClInclude Include="resource.h">
      <Filter>Header Files</Filter>
    </ClInclude>
    <ClInclude Include="winkernel.h">
      <Filter>Header Files</Filter>
    </ClInclude>
  </ItemGroup>
  <ItemGroup>
    <Text Include="aes.txt" />
    <Text Include="readme.txt" />
  </ItemGroup>
  <ItemGroup>
    <ClCompile Include="aescrypt.c">
      <Filter>Source Files</Filter>
    </ClCompile>
    <ClCompile Include="aesex.c">
      <Filter>Source Files</Filter>
    </ClCompile>
    <ClCompile Include="aeskey.c">
      <Filter>Source Files</Filter>
    </ClCompile>
    <ClCompile Include="aestab.c">
      <Filter>Source Files</Filter>
    </ClCompile>
    <ClCompile Include="bitmapmgr.c">
      <Filter>Source Files</Filter>
    </ClCompile>
    <ClCompile Include="diskfilter.c">
      <Filter>Source Files</Filter>
    </ClCompile>
    <ClCompile Include="diskiocode.c">
      <Filter>Source Files</Filter>
    </ClCompile>
    <ClCompile Include="diskvolfilter.c">
      <Filter>Source Files</Filter>
    </ClCompile>
    <ClCompile Include="driver.c">
      <Filter>Source Files</Filter>
    </ClCompile>
    <ClCompile Include="driverlib.c">
      <Filter>Source Files</Filter>
    </ClCompile>
    <ClCompile Include="filesysfilter.c">
      <Filter>Source Files</Filter>
    </ClCompile>
    <ClCompile Include="notify.c">
      <Filter>Source Files</Filter>
    </ClCompile>
    <ClCompile Include="winkernel.c">
      <Filter>Source Files</Filter>
    </ClCompile>
  </ItemGroup>
  <ItemGroup>
    <ResourceCompile Include="lcxlshadow.rc">
      <Filter>Resource Files</Filter>
    </ResourceCompile>
  </ItemGroup>
  <ItemGroup>
    <None Include="makefile" />
    <None Include="sources" />
  </ItemGroup>
  <ItemGroup>
    <Image Include="res\DiskIcon_Vista.ico">
      <Filter>Resource Files</Filter>
    </Image>
    <Image Include="res\DiskIcon_XP.ico">
      <Filter>Resource Files</Filter>
    </Image>
  </ItemGroup>
</Project>