Microsoft Visual Studio Solution File, Format Version 12.00
# Visual Studio 14
VisualStudioVersion = 14.0.23107.0
MinimumVisualStudioVersion = 10.0.40219.1
Project("{8BC9CEB8-8B4A-11D0-8D11-00A0C91BC942}") = "LCXLShadowDriver", "LCXLShadowDriver\LCXLShadowDriver.vcxproj", "{CB9CCEAB-79A7-4C1F-A1B6-03456C34FDA5}"
EndProject
Project("{8BC9CEB8-8B4A-11D0-8D11-00A0C91BC942}") = "LCXLShadowDriver Package", "LCXLShadowDriver Package\LCXLShadowDriver Package.vcxproj", "{6A2F9149-AF75-4907-A55A-62140B16933D}"
	ProjectSection(ProjectDependencies) = postProject
		{CB9CCEAB-79A7-4C1F-A1B6-03456C34FDA5} = {CB9CCEAB-79A7-4C1F-A1B6-03456C34FDA5}
	EndProjectSection
EndProject
Project("{8BC9CEB8-8B4A-11D0-8D11-00A0C91BC942}") = "LCXLShadow", "VC_DLL\LCXLShadow.vcxproj", "{A34A13C2-3A24-4D5F-A760-08D1A05CA720}"
	ProjectSection(ProjectDependencies) = postProject
		{CB9CCEAB-79A7-4C1F-A1B6-03456C34FDA5} = {CB9CCEAB-79A7-4C1F-A1B6-03456C34FDA5}
	EndProjectSection
EndProject
Project("{8BC9CEB8-8B4A-11D0-8D11-00A0C91BC942}") = "LCXLShadowSer", "VC_SER\LCXLShadowSer.vcxproj", "{654E1894-42E7-41A1-94FF-BB4447478597}"
EndProject
Project("{8BC9CEB8-8B4A-11D0-8D11-00A0C91BC942}") = "LCXLShadowConsole", "VC_CONSOLE\LCXLShadowConsole\LCXLShadowConsole.vcxproj", "{20551E83-3C58-4551-B8E9-FB6D90CCF832}"
EndProject
Global
	GlobalSection(SolutionConfigurationPlatforms) = preSolution
		Debug|ARM = Debug|ARM
		Debug|Win32 = Debug|Win32
		Debug|x64 = Debug|x64
		Release|ARM = Release|ARM
		Release|Win32 = Release|Win32
		Release|x64 = Release|x64
		Win10 Debug|ARM = Win10 Debug|ARM
		Win10 Debug|Win32 = Win10 Debug|Win32
		Win10 Debug|x64 = Win10 Debug|x64
		Win10 Release|ARM = Win10 Release|ARM
		Win10 Release|Win32 = Win10 Release|Win32
		Win10 Release|x64 = Win10 Release|x64
		Win7 Debug|ARM = Win7 Debug|ARM
		Win7 Debug|Win32 = Win7 Debug|Win32
		Win7 Debug|x64 = Win7 Debug|x64
		Win7 Release|ARM = Win7 Release|ARM
		Win7 Release|Win32 = Win7 Release|Win32
		Win7 Release|x64 = Win7 Release|x64
		Win8 Debug|ARM = Win8 Debug|ARM
		Win8 Debug|Win32 = Win8 Debug|Win32
		Win8 Debug|x64 = Win8 Debug|x64
		Win8 Release|ARM = Win8 Release|ARM
		Win8 Release|Win32 = Win8 Release|Win32
		Win8 Release|x64 = Win8 Release|x64
		Win8.1 Debug|ARM = Win8.1 Debug|ARM
		Win8.1 Debug|Win32 = Win8.1 Debug|Win32
		Win8.1 Debug|x64 = Win8.1 Debug|x64
		Win8.1 Release|ARM = Win8.1 Release|ARM
		Win8.1 Release|Win32 = Win8.1 Release|Win32
		Win8.1 Release|x64 = Win8.1 Release|x64
	EndGlobalSection
	GlobalSection(ProjectConfigurationPlatforms) = postSolution
		{CB9CCEAB-79A7-4C1F-A1B6-03456C34FDA5}.Debug|ARM.ActiveCfg = Win8.1 Debug|ARM
		{CB9CCEAB-79A7-4C1F-A1B6-03456C34FDA5}.Debug|ARM.Build.0 = Win8.1 Debug|ARM
		{CB9CCEAB-79A7-4C1F-A1B6-03456C34FDA5}.Debug|Win32.ActiveCfg = Win8 Debug|Win32
		{CB9CCEAB-79A7-4C1F-A1B6-03456C34FDA5}.Debug|Win32.Build.0 = Win8 Debug|Win32
		{CB9CCEAB-79A7-4C1F-A1B6-03456C34FDA5}.Debug|Win32.Deploy.0 = Win8 Debug|Win32
		{CB9CCEAB-79A7-4C1F-A1B6-03456C34FDA5}.Debug|x64.ActiveCfg = Win8 Debug|x64
		{CB9CCEAB-79A7-4C1F-A1B6-03456C34FDA5}.Debug|x64.Build.0 = Win8 Debug|x64
		{CB9CCEAB-79A7-4C1F-A1B6-03456C34FDA5}.Debug|x64.Deploy.0 = Win8 Debug|x64
		{CB9CCEAB-79A7-4C1F-A1B6-03456C34FDA5}.Release|ARM.ActiveCfg = Win8.1 Release|ARM
		{CB9CCEAB-79A7-4C1F-A1B6-03456C34FDA5}.Release|ARM.Build.0 = Win8.1 Release|ARM
		{CB9CCEAB-79A7-4C1F-A1B6-03456C34FDA5}.Release|Win32.ActiveCfg = Win8 Release|Win32
		{CB9CCEAB-79A7-4C1F-A1B6-03456C34FDA5}.Release|Win32.Build.0 = Win8 Release|Win32
		{CB9CCEAB-79A7-4C1F-A1B6-03456C34FDA5}.Release|Win32.Deploy.0 = Win8 Release|Win32
		{CB9CCEAB-79A7-4C1F-A1B6-03456C34FDA5}.Release|x64.ActiveCfg = Win8 Release|x64
		{CB9CCEAB-79A7-4C1F-A1B6-03456C34FDA5}.Release|x64.Build.0 = Win8 Release|x64
		{CB9CCEAB-79A7-4C1F-A1B6-03456C34FDA5}.Release|x64.Deploy.0 = Win8 Release|x64
		{CB9CCEAB-79A7-4C1F-A1B6-03456C34FDA5}.Win10 Debug|ARM.ActiveCfg = Win10 Debug|ARM
		{CB9CCEAB-79A7-4C1F-A1B6-03456C34FDA5}.Win10 Debug|ARM.Build.0 = Win10 Debug|ARM
		{CB9CCEAB-79A7-4C1F-A1B6-03456C34FDA5}.Win10 Debug|Win32.ActiveCfg = Win10 Debug|Win32
		{CB9CCEAB-79A7-4C1F-A1B6-03456C34FDA5}.Win10 Debug|Win32.Build.0 = Win10 Debug|Win32
		{CB9CCEAB-79A7-4C1F-A1B6-03456C34FDA5}.Win10 Debug|Win32.Deploy.0 = Win10 Debug|Win32
		{CB9CCEAB-79A7-4C1F-A1B6-03456C34FDA5}.Win10 Debug|x64.ActiveCfg = Win10 Debug|x64
		{CB9CCEAB-79A7-4C1F-A1B6-03456C34FDA5}.Win10 Debug|x64.Build.0 = Win10 Debug|x64
		{CB9CCEAB-79A7-4C1F-A1B6-03456C34FDA5}.Win10 Release|ARM.ActiveCfg = Win10 Release|ARM
		{CB9CCEAB-79A7-4C1F-A1B6-03456C34FDA5}.Win10 Release|ARM.Build.0 = Win10 Release|ARM
		{CB9CCEAB-79A7-4C1F-A1B6-03456C34FDA5}.Win10 Release|Win32.ActiveCfg = Win10 Release|Win32
		{CB9CCEAB-79A7-4C1F-A1B6-03456C34FDA5}.Win10 Release|Win32.Build.0 = Win10 Release|Win32
		{CB9CCEAB-79A7-4C1F-A1B6-03456C34FDA5}.Win10 Release|Win32.Deploy.0 = Win10 Release|Win32
		{CB9CCEAB-79A7-4C1F-A1B6-03456C34FDA5}.Win10 Release|x64.ActiveCfg = Win10 Release|x64
		{CB9CCEAB-79A7-4C1F-A1B6-03456C34FDA5}.Win10 Release|x64.Build.0 = Win10 Release|x64
		{CB9CCEAB-79A7-4C1F-A1B6-03456C34FDA5}.Win7 Debug|ARM.ActiveCfg = Win7 Debug|ARM
		{CB9CCEAB-79A7-4C1F-A1B6-03456C34FDA5}.Win7 Debug|ARM.Build.0 = Win7 Debug|ARM
		{CB9CCEAB-79A7-4C1F-A1B6-03456C34FDA5}.Win7 Debug|Win32.ActiveCfg = Win7 Debug|Win32
		{CB9CCEAB-79A7-4C1F-A1B6-03456C34FDA5}.Win7 Debug|Win32.Build.0 = Win7 Debug|Win32
		{CB9CCEAB-79A7-4C1F-A1B6-03456C34FDA5}.Win7 Debug|Win32.Deploy.0 = Win7 Debug|Win32
		{CB9CCEAB-79A7-4C1F-A1B6-03456C34FDA5}.Win7 Debug|x64.ActiveCfg = Win7 Debug|x64
		{CB9CCEAB-79A7-4C1F-A1B6-03456C34FDA5}.Win7 Debug|x64.Build.0 = Win7 Debug|x64
		{CB9CCEAB-79A7-4C1F-A1B6-03456C34FDA5}.Win7 Debug|x64.Deploy.0 = Win7 Debug|x64
		{CB9CCEAB-79A7-4C1F-A1B6-03456C34FDA5}.Win7 Release|ARM.ActiveCfg = Win7 Release|ARM
		{CB9CCEAB-79A7-4C1F-A1B6-03456C34FDA5}.Win7 Release|ARM.Build.0 = Win7 Release|ARM
		{CB9CCEAB-79A7-4C1F-A1B6-03456C34FDA5}.Win7 Release|Win32.ActiveCfg = Win7 Release|Win32
		{CB9CCEAB-79A7-4C1F-A1B6-03456C34FDA5}.Win7 Release|Win32.Build.0 = Win7 Release|Win32
		{CB9CCEAB-79A7-4C1F-A1B6-03456C34FDA5}.Win7 Release|Win32.Deploy.0 = Win7 Release|Win32
		{CB9CCEAB-79A7-4C1F-A1B6-03456C34FDA5}.Win7 Release|x64.ActiveCfg = Win7 Release|x64
		{CB9CCEAB-79A7-4C1F-A1B6-03456C34FDA5}.Win7 Release|x64.Build.0 = Win7 Release|x64
		{CB9CCEAB-79A7-4C1F-A1B6-03456C34FDA5}.Win7 Release|x64.Deploy.0 = Win7 Release|x64
		{CB9CCEAB-79A7-4C1F-A1B6-03456C34FDA5}.Win8 Debug|ARM.ActiveCfg = Win8 Debug|ARM
		{CB9CCEAB-79A7-4C1F-A1B6-03456C34FDA5}.Win8 Debug|ARM.Build.0 = Win8 Debug|ARM
		{CB9CCEAB-79A7-4C1F-A1B6-03456C34FDA5}.Win8 Debug|Win32.ActiveCfg = Win8 Debug|Win32
		{CB9CCEAB-79A7-4C1F-A1B6-03456C34FDA5}.Win8 Debug|Win32.Build.0 = Win8 Debug|Win32
		{CB9CCEAB-79A7-4C1F-A1B6-03456C34FDA5}.Win8 Debug|Win32.Deploy.0 = Win8 Debug|Win32
		{CB9CCEAB-79A7-4C1F-A1B6-03456C34FDA5}.Win8 Debug|x64.ActiveCfg = Win8 Debug|x64
		{CB9CCEAB-79A7-4C1F-A1B6-03456C34FDA5}.Win8 Debug|x64.Build.0 = Win8 Debug|x64
		{CB9CCEAB-79A7-4C1F-A1B6-03456C34FDA5}.Win8 Debug|x64.Deploy.0 = Win8 Debug|x64
		{CB9CCEAB-79A7-4C1F-A1B6-03456C34FDA5}.Win8 Release|ARM.ActiveCfg = Win8 Release|ARM
		{CB9CCEAB-79A7-4C1F-A1B6-03456C34FDA5}.Win8 Release|ARM.Build.0 = Win8 Release|ARM
		{CB9CCEAB-79A7-4C1F-A1B6-03456C34FDA5}.Win8 Release|Win32.ActiveCfg = Win8 Release|Win32
		{CB9CCEAB-79A7-4C1F-A1B6-03456C34FDA5}.Win8 Release|Win32.Build.0 = Win8 Release|Win32
		{CB9CCEAB-79A7-4C1F-A1B6-03456C34FDA5}.Win8 Release|Win32.Deploy.0 = Win8 Release|Win32
		{CB9CCEAB-79A7-4C1F-A1B6-03456C34FDA5}.Win8 Release|x64.ActiveCfg = Win8 Release|x64
		{CB9CCEAB-79A7-4C1F-A1B6-03456C34FDA5}.Win8 Release|x64.Build.0 = Win8 Release|x64
		{CB9CCEAB-79A7-4C1F-A1B6-03456C34FDA5}.Win8 Release|x64.Deploy.0 = Win8 Release|x64
		{CB9CCEAB-79A7-4C1F-A1B6-03456C34FDA5}.Win8.1 Debug|ARM.ActiveCfg = Win8.1 Debug|ARM
		{CB9CCEAB-79A7-4C1F-A1B6-03456C34FDA5}.Win8.1 Debug|ARM.Build.0 = Win8.1 Debug|ARM
		{CB9CCEAB-79A7-4C1F-A1B6-03456C34FDA5}.Win8.1 Debug|Win32.ActiveCfg = Win8.1 Debug|Win32
		{CB9CCEAB-79A7-4C1F-A1B6-03456C34FDA5}.Win8.1 Debug|Win32.Build.0 = Win8.1 Debug|Win32
		{CB9CCEAB-79A7-4C1F-A1B6-03456C34FDA5}.Win8.1 Debug|Win32.Deploy.0 = Win8.1 Debug|Win32
		{CB9CCEAB-79A7-4C1F-A1B6-03456C34FDA5}.Win8.1 Debug|x64.ActiveCfg = Win8.1 Debug|x64
		{CB9CCEAB-79A7-4C1F-A1B6-03456C34FDA5}.Win8.1 Debug|x64.Build.0 = Win8.1 Debug|x64
		{CB9CCEAB-79A7-4C1F-A1B6-03456C34FDA5}.Win8.1 Debug|x64.Deploy.0 = Win8.1 Debug|x64
		{CB9CCEAB-79A7-4C1F-A1B6-03456C34FDA5}.Win8.1 Release|ARM.ActiveCfg = Win8.1 Release|ARM
		{CB9CCEAB-79A7-4C1F-A1B6-03456C34FDA5}.Win8.1 Release|ARM.Build.0 = Win8.1 Release|ARM
		{CB9CCEAB-79A7-4C1F-A1B6-03456C34FDA5}.Win8.1 Release|Win32.ActiveCfg = Win8.1 Release|Win32
		{CB9CCEAB-79A7-4C1F-A1B6-03456C34FDA5}.Win8.1 Release|Win32.Build.0 = Win8.1 Release|Win32
		{CB9CCEAB-79A7-4C1F-A1B6-03456C34FDA5}.Win8.1 Release|Win32.Deploy.0 = Win8.1 Release|Win32
		{CB9CCEAB-79A7-4C1F-A1B6-03456C34FDA5}.Win8.1 Release|x64.ActiveCfg = Win8.1 Release|x64
		{CB9CCEAB-79A7-4C1F-A1B6-03456C34FDA5}.Win8.1 Release|x64.Build.0 = Win8.1 Release|x64
		{CB9CCEAB-79A7-4C1F-A1B6-03456C34FDA5}.Win8.1 Release|x64.Deploy.0 = Win8.1 Release|x64
		{6A2F9149-AF75-4907-A55A-62140B16933D}.Debug|ARM.ActiveCfg = Win8.1 Debug|ARM
		{6A2F9149-AF75-4907-A55A-62140B16933D}.Debug|ARM.Build.0 = Win8.1 Debug|ARM
		{6A2F9149-AF75-4907-A55A-62140B16933D}.Debug|Win32.ActiveCfg = Win8 Debug|Win32
		{6A2F9149-AF75-4907-A55A-62140B16933D}.Debug|Win32.Build.0 = Win8 Debug|Win32
		{6A2F9149-AF75-4907-A55A-62140B16933D}.Debug|Win32.Deploy.0 = Win8 Debug|Win32
		{6A2F9149-AF75-4907-A55A-62140B16933D}.Debug|x64.ActiveCfg = Win8 Debug|x64
		{6A2F9149-AF75-4907-A55A-62140B16933D}.Debug|x64.Build.0 = Win8 Debug|x64
		{6A2F9149-AF75-4907-A55A-62140B16933D}.Debug|x64.Deploy.0 = Win8 Debug|x64
		{6A2F9149-AF75-4907-A55A-62140B16933D}.Release|ARM.ActiveCfg = Win8.1 Release|ARM
		{6A2F9149-AF75-4907-A55A-62140B16933D}.Release|ARM.Build.0 = Win8.1 Release|ARM
		{6A2F9149-AF75-4907-A55A-62140B16933D}.Release|Win32.ActiveCfg = Win8 Release|Win32
		{6A2F9149-AF75-4907-A55A-62140B16933D}.Release|Win32.Build.0 = Win8 Release|Win32
		{6A2F9149-AF75-4907-A55A-62140B16933D}.Release|Win32.Deploy.0 = Win8 Release|Win32
		{6A2F9149-AF75-4907-A55A-62140B16933D}.Release|x64.ActiveCfg = Win8 Release|x64
		{6A2F9149-AF75-4907-A55A-62140B16933D}.Release|x64.Build.0 = Win8 Release|x64
		{6A2F9149-AF75-4907-A55A-62140B16933D}.Release|x64.Deploy.0 = Win8 Release|x64
		{6A2F9149-AF75-4907-A55A-62140B16933D}.Win10 Debug|ARM.ActiveCfg = Win10 Debug|ARM
		{6A2F9149-AF75-4907-A55A-62140B16933D}.Win10 Debug|ARM.Build.0 = Win10 Debug|ARM
		{6A2F9149-AF75-4907-A55A-62140B16933D}.Win10 Debug|Win32.ActiveCfg = Win10 Debug|Win32
		{6A2F9149-AF75-4907-A55A-62140B16933D}.Win10 Debug|Win32.Build.0 = Win10 Debug|Win32
		{6A2F9149-AF75-4907-A55A-62140B16933D}.Win10 Debug|Win32.Deploy.0 = Win10 Debug|Win32
		{6A2F9149-AF75-4907-A55A-62140B16933D}.Win10 Debug|x64.ActiveCfg = Win10 Debug|x64
		{6A2F9149-AF75-4907-A55A-62140B16933D}.Win10 Debug|x64.Build.0 = Win10 Debug|x64
		{6A2F9149-AF75-4907-A55A-62140B16933D}.Win10 Release|ARM.ActiveCfg = Win10 Release|ARM
		{6A2F9149-AF75-4907-A55A-62140B16933D}.Win10 Release|ARM.Build.0 = Win10 Release|ARM
		{6A2F9149-AF75-4907-A55A-62140B16933D}.Win10 Release|Win32.ActiveCfg = Win10 Release|Win32
		{6A2F9149-AF75-4907-A55A-62140B16933D}.Win10 Release|Win32.Build.0 = Win10 Release|Win32
		{6A2F9149-AF75-4907-A55A-62140B16933D}.Win10 Release|Win32.Deploy.0 = Win10 Release|Win32
		{6A2F9149-AF75-4907-A55A-62140B16933D}.Win10 Release|x64.ActiveCfg = Win10 Release|x64
		{6A2F9149-AF75-4907-A55A-62140B16933D}.Win10 Release|x64.Build.0 = Win10 Release|x64
		{6A2F9149-AF75-4907-A55A-62140B16933D}.Win7 Debug|ARM.ActiveCfg = Win7 Debug|ARM
		{6A2F9149-AF75-4907-A55A-62140B16933D}.Win7 Debug|ARM.Build.0 = Win7 Debug|ARM
		{6A2F9149-AF75-4907-A55A-62140B16933D}.Win7 Debug|Win32.ActiveCfg = Win7 Debug|Win32
		{6A2F9149-AF75-4907-A55A-62140B16933D}.Win7 Debug|Win32.Build.0 = Win7 Debug|Win32
		{6A2F9149-AF75-4907-A55A-62140B16933D}.Win7 Debug|Win32.Deploy.0 = Win7 Debug|Win32
		{6A2F9149-AF75-4907-A55A-62140B16933D}.Win7 Debug|x64.ActiveCfg = Win7 Debug|x64
		{6A2F9149-AF75-4907-A55A-62140B16933D}.Win7 Debug|x64.Build.0 = Win7 Debug|x64
		{6A2F9149-AF75-4907-A55A-62140B16933D}.Win7 Debug|x64.Deploy.0 = Win7 Debug|x64
		{6A2F9149-AF75-4907-A55A-62140B16933D}.Win7 Release|ARM.ActiveCfg = Win7 Release|ARM
		{6A2F9149-AF75-4907-A55A-62140B16933D}.Win7 Release|ARM.Build.0 = Win7 Release|ARM
		{6A2F9149-AF75-4907-A55A-62140B16933D}.Win7 Release|Win32.ActiveCfg = Win7 Release|Win32
		{6A2F9149-AF75-4907-A55A-62140B16933D}.Win7 Release|Win32.Build.0 = Win7 Release|Win32
		{6A2F9149-AF75-4907-A55A-62140B16933D}.Win7 Release|Win32.Deploy.0 = Win7 Release|Win32
		{6A2F9149-AF75-4907-A55A-62140B16933D}.Win7 Release|x64.ActiveCfg = Win7 Release|x64
		{6A2F9149-AF75-4907-A55A-62140B16933D}.Win7 Release|x64.Build.0 = Win7 Release|x64
		{6A2F9149-AF75-4907-A55A-62140B16933D}.Win7 Release|x64.Deploy.0 = Win7 Release|x64
		{6A2F9149-AF75-4907-A55A-62140B16933D}.Win8 Debug|ARM.ActiveCfg = Win8 Debug|ARM
		{6A2F9149-AF75-4907-A55A-62140B16933D}.Win8 Debug|ARM.Build.0 = Win8 Debug|ARM
		{6A2F9149-AF75-4907-A55A-62140B16933D}.Win8 Debug|Win32.ActiveCfg = Win8 Debug|Win32
		{6A2F9149-AF75-4907-A55A-62140B16933D}.Win8 Debug|Win32.Build.0 = Win8 Debug|Win32
		{6A2F9149-AF75-4907-A55A-62140B16933D}.Win8 Debug|Win32.Deploy.0 = Win8 Debug|Win32
		{6A2F9149-AF75-4907-A55A-62140B16933D}.Win8 Debug|x64.ActiveCfg = Win8 Debug|x64
		{6A2F9149-AF75-4907-A55A-62140B16933D}.Win8 Debug|x64.Build.0 = Win8 Debug|x64
		{6A2F9149-AF75-4907-A55A-62140B16933D}.Win8 Debug|x64.Deploy.0 = Win8 Debug|x64
		{6A2F9149-AF75-4907-A55A-62140B16933D}.Win8 Release|ARM.ActiveCfg = Win8 Release|ARM
		{6A2F9149-AF75-4907-A55A-62140B16933D}.Win8 Release|ARM.Build.0 = Win8 Release|ARM
		{6A2F9149-AF75-4907-A55A-62140B16933D}.Win8 Release|Win32.ActiveCfg = Win8 Release|Win32
		{6A2F9149-AF75-4907-A55A-62140B16933D}.Win8 Release|Win32.Build.0 = Win8 Release|Win32
		{6A2F9149-AF75-4907-A55A-62140B16933D}.Win8 Release|Win32.Deploy.0 = Win8 Release|Win32
		{6A2F9149-AF75-4907-A55A-62140B16933D}.Win8 Release|x64.ActiveCfg = Win8 Release|x64
		{6A2F9149-AF75-4907-A55A-62140B16933D}.Win8 Release|x64.Build.0 = Win8 Release|x64
		{6A2F9149-AF75-4907-A55A-62140B16933D}.Win8 Release|x64.Deploy.0 = Win8 Release|x64
		{6A2F9149-AF75-4907-A55A-62140B16933D}.Win8.1 Debug|ARM.ActiveCfg = Win8.1 Debug|ARM
		{6A2F9149-AF75-4907-A55A-62140B16933D}.Win8.1 Debug|ARM.Build.0 = Win8.1 Debug|ARM
		{6A2F9149-AF75-4907-A55A-62140B16933D}.Win8.1 Debug|Win32.ActiveCfg = Win8.1 Debug|Win32
		{6A2F9149-AF75-4907-A55A-62140B16933D}.Win8.1 Debug|Win32.Build.0 = Win8.1 Debug|Win32
		{6A2F9149-AF75-4907-A55A-62140B16933D}.Win8.1 Debug|Win32.Deploy.0 = Win8.1 Debug|Win32
		{6A2F9149-AF75-4907-A55A-62140B16933D}.Win8.1 Debug|x64.ActiveCfg = Win8.1 Debug|x64
		{6A2F9149-AF75-4907-A55A-62140B16933D}.Win8.1 Debug|x64.Build.0 = Win8.1 Debug|x64
		{6A2F9149-AF75-4907-A55A-62140B16933D}.Win8.1 Debug|x64.Deploy.0 = Win8.1 Debug|x64
		{6A2F9149-AF75-4907-A55A-62140B16933D}.Win8.1 Release|ARM.ActiveCfg = Win8.1 Release|ARM
		{6A2F9149-AF75-4907-A55A-62140B16933D}.Win8.1 Release|ARM.Build.0 = Win8.1 Release|ARM
		{6A2F9149-AF75-4907-A55A-62140B16933D}.Win8.1 Release|Win32.ActiveCfg = Win8.1 Release|Win32
		{6A2F9149-AF75-4907-A55A-62140B16933D}.Win8.1 Release|Win32.Build.0 = Win8.1 Release|Win32
		{6A2F9149-AF75-4907-A55A-62140B16933D}.Win8.1 Release|Win32.Deploy.0 = Win8.1 Release|Win32
		{6A2F9149-AF75-4907-A55A-62140B16933D}.Win8.1 Release|x64.ActiveCfg = Win8.1 Release|x64
		{6A2F9149-AF75-4907-A55A-62140B16933D}.Win8.1 Release|x64.Build.0 = Win8.1 Release|x64
		{6A2F9149-AF75-4907-A55A-62140B16933D}.Win8.1 Release|x64.Deploy.0 = Win8.1 Release|x64
		{A34A13C2-3A24-4D5F-A760-08D1A05CA720}.Debug|ARM.ActiveCfg = Debug|ARM
		{A34A13C2-3A24-4D5F-A760-08D1A05CA720}.Debug|ARM.Build.0 = Debug|ARM
		{A34A13C2-3A24-4D5F-A760-08D1A05CA720}.Debug|Win32.ActiveCfg = Debug|Win32
		{A34A13C2-3A24-4D5F-A760-08D1A05CA720}.Debug|Win32.Build.0 = Debug|Win32
		{A34A13C2-3A24-4D5F-A760-08D1A05CA720}.Debug|Win32.Deploy.0 = Debug|Win32
		{A34A13C2-3A24-4D5F-A760-08D1A05CA720}.Debug|x64.ActiveCfg = Debug|x64
		{A34A13C2-3A24-4D5F-A760-08D1A05CA720}.Debug|x64.Build.0 = Debug|x64
		{A34A13C2-3A24-4D5F-A760-08D1A05CA720}.Debug|x64.Deploy.0 = Debug|x64
		{A34A13C2-3A24-4D5F-A760-08D1A05CA720}.Release|ARM.ActiveCfg = Release|ARM
		{A34A13C2-3A24-4D5F-A760-08D1A05CA720}.Release|ARM.Build.0 = Release|ARM
		{A34A13C2-3A24-4D5F-A760-08D1A05CA720}.Release|Win32.ActiveCfg = Release|Win32
		{A34A13C2-3A24-4D5F-A760-08D1A05CA720}.Release|Win32.Build.0 = Release|Win32
		{A34A13C2-3A24-4D5F-A760-08D1A05CA720}.Release|Win32.Deploy.0 = Release|Win32
		{A34A13C2-3A24-4D5F-A760-08D1A05CA720}.Release|x64.ActiveCfg = Release|x64
		{A34A13C2-3A24-4D5F-A760-08D1A05CA720}.Release|x64.Build.0 = Release|x64
		{A34A13C2-3A24-4D5F-A760-08D1A05CA720}.Release|x64.Deploy.0 = Release|x64
		{A34A13C2-3A24-4D5F-A760-08D1A05CA720}.Win10 Debug|ARM.ActiveCfg = Debug|ARM
		{A34A13C2-3A24-4D5F-A760-08D1A05CA720}.Win10 Debug|ARM.Build.0 = Debug|ARM
		{A34A13C2-3A24-4D5F-A760-08D1A05CA720}.Win10 Debug|Win32.ActiveCfg = Debug|Win32
		{A34A13C2-3A24-4D5F-A760-08D1A05CA720}.Win10 Debug|Win32.Build.0 = Debug|Win32
		{A34A13C2-3A24-4D5F-A760-08D1A05CA720}.Win10 Debug|Win32.Deploy.0 = Debug|Win32
		{A34A13C2-3A24-4D5F-A760-08D1A05CA720}.Win10 Debug|x64.ActiveCfg = Debug|x64
		{A34A13C2-3A24-4D5F-A760-08D1A05CA720}.Win10 Debug|x64.Build.0 = Debug|x64
		{A34A13C2-3A24-4D5F-A760-08D1A05CA720}.Win10 Release|ARM.ActiveCfg = Release|ARM
		{A34A13C2-3A24-4D5F-A760-08D1A05CA720}.Win10 Release|ARM.Build.0 = Release|ARM
		{A34A13C2-3A24-4D5F-A760-08D1A05CA720}.Win10 Release|Win32.ActiveCfg = Release|Win32
		{A34A13C2-3A24-4D5F-A760-08D1A05CA720}.Win10 Release|Win32.Build.0 = Release|Win32
		{A34A13C2-3A24-4D5F-A760-08D1A05CA720}.Win10 Release|Win32.Deploy.0 = Release|Win32
		{A34A13C2-3A24-4D5F-A760-08D1A05CA720}.Win10 Release|x64.ActiveCfg = Release|x64
		{A34A13C2-3A24-4D5F-A760-08D1A05CA720}.Win10 Release|x64.Build.0 = Release|x64
		{A34A13C2-3A24-4D5F-A760-08D1A05CA720}.Win7 Debug|ARM.ActiveCfg = Debug|ARM
		{A34A13C2-3A24-4D5F-A760-08D1A05CA720}.Win7 Debug|ARM.Build.0 = Debug|ARM
		{A34A13C2-3A24-4D5F-A760-08D1A05CA720}.Win7 Debug|Win32.ActiveCfg = Debug|Win32
		{A34A13C2-3A24-4D5F-A760-08D1A05CA720}.Win7 Debug|Win32.Build.0 = Debug|Win32
		{A34A13C2-3A24-4D5F-A760-08D1A05CA720}.Win7 Debug|Win32.Deploy.0 = Debug|Win32
		{A34A13C2-3A24-4D5F-A760-08D1A05CA720}.Win7 Debug|x64.ActiveCfg = Debug|x64
		{A34A13C2-3A24-4D5F-A760-08D1A05CA720}.Win7 Debug|x64.Build.0 = Debug|x64
		{A34A13C2-3A24-4D5F-A760-08D1A05CA720}.Win7 Debug|x64.Deploy.0 = Debug|x64
		{A34A13C2-3A24-4D5F-A760-08D1A05CA720}.Win7 Release|ARM.ActiveCfg = Release|ARM
		{A34A13C2-3A24-4D5F-A760-08D1A05CA720}.Win7 Release|ARM.Build.0 = Release|ARM
		{A34A13C2-3A24-4D5F-A760-08D1A05CA720}.Win7 Release|Win32.ActiveCfg = Release|Win32
		{A34A13C2-3A24-4D5F-A760-08D1A05CA720}.Win7 Release|Win32.Build.0 = Release|Win32
		{A34A13C2-3A24-4D5F-A760-08D1A05CA720}.Win7 Release|Win32.Deploy.0 = Release|Win32
		{A34A13C2-3A24-4D5F-A760-08D1A05CA720}.Win7 Release|x64.ActiveCfg = Release|x64
		{A34A13C2-3A24-4D5F-A760-08D1A05CA720}.Win7 Release|x64.Build.0 = Release|x64
		{A34A13C2-3A24-4D5F-A760-08D1A05CA720}.Win7 Release|x64.Deploy.0 = Release|x64
		{A34A13C2-3A24-4D5F-A760-08D1A05CA720}.Win8 Debug|ARM.ActiveCfg = Debug|ARM
		{A34A13C2-3A24-4D5F-A760-08D1A05CA720}.Win8 Debug|ARM.Build.0 = Debug|ARM
		{A34A13C2-3A24-4D5F-A760-08D1A05CA720}.Win8 Debug|Win32.ActiveCfg = Debug|Win32
		{A34A13C2-3A24-4D5F-A760-08D1A05CA720}.Win8 Debug|Win32.Build.0 = Debug|Win32
		{A34A13C2-3A24-4D5F-A760-08D1A05CA720}.Win8 Debug|Win32.Deploy.0 = Debug|Win32
		{A34A13C2-3A24-4D5F-A760-08D1A05CA720}.Win8 Debug|x64.ActiveCfg = Debug|x64
		{A34A13C2-3A24-4D5F-A760-08D1A05CA720}.Win8 Debug|x64.Build.0 = Debug|x64
		{A34A13C2-3A24-4D5F-A760-08D1A05CA720}.Win8 Debug|x64.Deploy.0 = Debug|x64
		{A34A13C2-3A24-4D5F-A760-08D1A05CA720}.Win8 Release|ARM.ActiveCfg = Release|ARM
		{A34A13C2-3A24-4D5F-A760-08D1A05CA720}.Win8 Release|ARM.Build.0 = Release|ARM
		{A34A13C2-3A24-4D5F-A760-08D1A05CA720}.Win8 Release|Win32.ActiveCfg = Release|Win32
		{A34A13C2-3A24-4D5F-A760-08D1A05CA720}.Win8 Release|Win32.Build.0 = Release|Win32
		{A34A13C2-3A24-4D5F-A760-08D1A05CA720}.Win8 Release|Win32.Deploy.0 = Release|Win32
		{A34A13C2-3A24-4D5F-A760-08D1A05CA720}.Win8 Release|x64.ActiveCfg = Release|x64
		{A34A13C2-3A24-4D5F-A760-08D1A05CA720}.Win8 Release|x64.Build.0 = Release|x64
		{A34A13C2-3A24-4D5F-A760-08D1A05CA720}.Win8 Release|x64.Deploy.0 = Release|x64
		{A34A13C2-3A24-4D5F-A760-08D1A05CA720}.Win8.1 Debug|ARM.ActiveCfg = Debug|ARM
		{A34A13C2-3A24-4D5F-A760-08D1A05CA720}.Win8.1 Debug|ARM.Build.0 = Debug|ARM
		{A34A13C2-3A24-4D5F-A760-08D1A05CA720}.Win8.1 Debug|Win32.ActiveCfg = Debug|Win32
		{A34A13C2-3A24-4D5F-A760-08D1A05CA720}.Win8.1 Debug|Win32.Build.0 = Debug|Win32
		{A34A13C2-3A24-4D5F-A760-08D1A05CA720}.Win8.1 Debug|Win32.Deploy.0 = Debug|Win32
		{A34A13C2-3A24-4D5F-A760-08D1A05CA720}.Win8.1 Debug|x64.ActiveCfg = Debug|x64
		{A34A13C2-3A24-4D5F-A760-08D1A05CA720}.Win8.1 Debug|x64.Build.0 = Debug|x64
		{A34A13C2-3A24-4D5F-A760-08D1A05CA720}.Win8.1 Debug|x64.Deploy.0 = Debug|x64
		{A34A13C2-3A24-4D5F-A760-08D1A05CA720}.Win8.1 Release|ARM.ActiveCfg = Release|ARM
		{A34A13C2-3A24-4D5F-A760-08D1A05CA720}.Win8.1 Release|ARM.Build.0 = Release|ARM
		{A34A13C2-3A24-4D5F-A760-08D1A05CA720}.Win8.1 Release|Win32.ActiveCfg = Release|Win32
		{A34A13C2-3A24-4D5F-A760-08D1A05CA720}.Win8.1 Release|Win32.Build.0 = Release|Win32
		{A34A13C2-3A24-4D5F-A760-08D1A05CA720}.Win8.1 Release|Win32.Deploy.0 = Release|Win32
		{A34A13C2-3A24-4D5F-A760-08D1A05CA720}.Win8.1 Release|x64.ActiveCfg = Release|x64
		{A34A13C2-3A24-4D5F-A760-08D1A05CA720}.Win8.1 Release|x64.Build.0 = Release|x64
		{A34A13C2-3A24-4D5F-A760-08D1A05CA720}.Win8.1 Release|x64.Deploy.0 = Release|x64
		{654E1894-42E7-41A1-94FF-BB4447478597}.Debug|ARM.ActiveCfg = Debug|ARM
		{654E1894-42E7-41A1-94FF-BB4447478597}.Debug|ARM.Build.0 = Debug|ARM
		{654E1894-42E7-41A1-94FF-BB4447478597}.Debug|Win32.ActiveCfg = Debug|Win32
		{654E1894-42E7-41A1-94FF-BB4447478597}.Debug|Win32.Build.0 = Debug|Win32
		{654E1894-42E7-41A1-94FF-BB4447478597}.Debug|Win32.Deploy.0 = Debug|Win32
		{654E1894-42E7-41A1-94FF-BB4447478597}.Debug|x64.ActiveCfg = Debug|x64
		{654E1894-42E7-41A1-94FF-BB4447478597}.Debug|x64.Build.0 = Debug|x64
		{654E1894-42E7-41A1-94FF-BB4447478597}.Debug|x64.Deploy.0 = Debug|x64
		{654E1894-42E7-41A1-94FF-BB4447478597}.Release|ARM.ActiveCfg = Release|ARM
		{654E1894-42E7-41A1-94FF-BB4447478597}.Release|ARM.Build.0 = Release|ARM
		{654E1894-42E7-41A1-94FF-BB4447478597}.Release|Win32.ActiveCfg = Release|Win32
		{654E1894-42E7-41A1-94FF-BB4447478597}.Release|Win32.Build.0 = Release|Win32
		{654E1894-42E7-41A1-94FF-BB4447478597}.Release|Win32.Deploy.0 = Release|Win32
		{654E1894-42E7-41A1-94FF-BB4447478597}.Release|x64.ActiveCfg = Release|x64
		{654E1894-42E7-41A1-94FF-BB4447478597}.Release|x64.Build.0 = Release|x64
		{654E1894-42E7-41A1-94FF-BB4447478597}.Release|x64.Deploy.0 = Release|x64
		{654E1894-42E7-41A1-94FF-BB4447478597}.Win10 Debug|ARM.ActiveCfg = Debug|ARM
		{654E1894-42E7-41A1-94FF-BB4447478597}.Win10 Debug|ARM.Build.0 = Debug|ARM
		{654E1894-42E7-41A1-94FF-BB4447478597}.Win10 Debug|Win32.ActiveCfg = Debug|Win32
		{654E1894-42E7-41A1-94FF-BB4447478597}.Win10 Debug|Win32.Build.0 = Debug|Win32
		{654E1894-42E7-41A1-94FF-BB4447478597}.Win10 Debug|Win32.Deploy.0 = Debug|Win32
		{654E1894-42E7-41A1-94FF-BB4447478597}.Win10 Debug|x64.ActiveCfg = Debug|x64
		{654E1894-42E7-41A1-94FF-BB4447478597}.Win10 Debug|x64.Build.0 = Debug|x64
		{654E1894-42E7-41A1-94FF-BB4447478597}.Win10 Release|ARM.ActiveCfg = Release|ARM
		{654E1894-42E7-41A1-94FF-BB4447478597}.Win10 Release|ARM.Build.0 = Release|ARM
		{654E1894-42E7-41A1-94FF-BB4447478597}.Win10 Release|Win32.ActiveCfg = Release|Win32
		{654E1894-42E7-41A1-94FF-BB4447478597}.Win10 Release|Win32.Build.0 = Release|Win32
		{654E1894-42E7-41A1-94FF-BB4447478597}.Win10 Release|Win32.Deploy.0 = Release|Win32
		{654E1894-42E7-41A1-94FF-BB4447478597}.Win10 Release|x64.ActiveCfg = Release|x64
		{654E1894-42E7-41A1-94FF-BB4447478597}.Win10 Release|x64.Build.0 = Release|x64
		{654E1894-42E7-41A1-94FF-BB4447478597}.Win7 Debug|ARM.ActiveCfg = Debug|ARM
		{654E1894-42E7-41A1-94FF-BB4447478597}.Win7 Debug|ARM.Build.0 = Debug|ARM
		{654E1894-42E7-41A1-94FF-BB4447478597}.Win7 Debug|Win32.ActiveCfg = Debug|Win32
		{654E1894-42E7-41A1-94FF-BB4447478597}.Win7 Debug|Win32.Build.0 = Debug|Win32
		{654E1894-42E7-41A1-94FF-BB4447478597}.Win7 Debug|Win32.Deploy.0 = Debug|Win32
		{654E1894-42E7-41A1-94FF-BB4447478597}.Win7 Debug|x64.ActiveCfg = Debug|x64
		{654E1894-42E7-41A1-94FF-BB4447478597}.Win7 Debug|x64.Build.0 = Debug|x64
		{654E1894-42E7-41A1-94FF-BB4447478597}.Win7 Debug|x64.Deploy.0 = Debug|x64
		{654E1894-42E7-41A1-94FF-BB4447478597}.Win7 Release|ARM.ActiveCfg = Release|ARM
		{654E1894-42E7-41A1-94FF-BB4447478597}.Win7 Release|ARM.Build.0 = Release|ARM
		{654E1894-42E7-41A1-94FF-BB4447478597}.Win7 Release|Win32.ActiveCfg = Release|Win32
		{654E1894-42E7-41A1-94FF-BB4447478597}.Win7 Release|Win32.Build.0 = Release|Win32
		{654E1894-42E7-41A1-94FF-BB4447478597}.Win7 Release|Win32.Deploy.0 = Release|Win32
		{654E1894-42E7-41A1-94FF-BB4447478597}.Win7 Release|x64.ActiveCfg = Release|x64
		{654E1894-42E7-41A1-94FF-BB4447478597}.Win7 Release|x64.Build.0 = Release|x64
		{654E1894-42E7-41A1-94FF-BB4447478597}.Win7 Release|x64.Deploy.0 = Release|x64
		{654E1894-42E7-41A1-94FF-BB4447478597}.Win8 Debug|ARM.ActiveCfg = Debug|ARM
		{654E1894-42E7-41A1-94FF-BB4447478597}.Win8 Debug|ARM.Build.0 = Debug|ARM
		{654E1894-42E7-41A1-94FF-BB4447478597}.Win8 Debug|Win32.ActiveCfg = Debug|Win32
		{654E1894-42E7-41A1-94FF-BB4447478597}.Win8 Debug|Win32.Build.0 = Debug|Win32
		{654E1894-42E7-41A1-94FF-BB4447478597}.Win8 Debug|Win32.Deploy.0 = Debug|Win32
		{654E1894-42E7-41A1-94FF-BB4447478597}.Win8 Debug|x64.ActiveCfg = Debug|x64
		{654E1894-42E7-41A1-94FF-BB4447478597}.Win8 Debug|x64.Build.0 = Debug|x64
		{654E1894-42E7-41A1-94FF-BB4447478597}.Win8 Debug|x64.Deploy.0 = Debug|x64
		{654E1894-42E7-41A1-94FF-BB4447478597}.Win8 Release|ARM.ActiveCfg = Release|ARM
		{654E1894-42E7-41A1-94FF-BB4447478597}.Win8 Release|ARM.Build.0 = Release|ARM
		{654E1894-42E7-41A1-94FF-BB4447478597}.Win8 Release|Win32.ActiveCfg = Release|Win32
		{654E1894-42E7-41A1-94FF-BB4447478597}.Win8 Release|Win32.Build.0 = Release|Win32
		{654E1894-42E7-41A1-94FF-BB4447478597}.Win8 Release|Win32.Deploy.0 = Release|Win32
		{654E1894-42E7-41A1-94FF-BB4447478597}.Win8 Release|x64.ActiveCfg = Release|x64
		{654E1894-42E7-41A1-94FF-BB4447478597}.Win8 Release|x64.Build.0 = Release|x64
		{654E1894-42E7-41A1-94FF-BB4447478597}.Win8 Release|x64.Deploy.0 = Release|x64
		{654E1894-42E7-41A1-94FF-BB4447478597}.Win8.1 Debug|ARM.ActiveCfg = Debug|ARM
		{654E1894-42E7-41A1-94FF-BB4447478597}.Win8.1 Debug|ARM.Build.0 = Debug|ARM
		{654E1894-42E7-41A1-94FF-BB4447478597}.Win8.1 Debug|Win32.ActiveCfg = Debug|Win32
		{654E1894-42E7-41A1-94FF-BB4447478597}.Win8.1 Debug|Win32.Build.0 = Debug|Win32
		{654E1894-42E7-41A1-94FF-BB4447478597}.Win8.1 Debug|Win32.Deploy.0 = Debug|Win32
		{654E1894-42E7-41A1-94FF-BB4447478597}.Win8.1 Debug|x64.ActiveCfg = Debug|x64
		{654E1894-42E7-41A1-94FF-BB4447478597}.Win8.1 Debug|x64.Build.0 = Debug|x64
		{654E1894-42E7-41A1-94FF-BB4447478597}.Win8.1 Debug|x64.Deploy.0 = Debug|x64
		{654E1894-42E7-41A1-94FF-BB4447478597}.Win8.1 Release|ARM.ActiveCfg = Release|ARM
		{654E1894-42E7-41A1-94FF-BB4447478597}.Win8.1 Release|ARM.Build.0 = Release|ARM
		{654E1894-42E7-41A1-94FF-BB4447478597}.Win8.1 Release|Win32.ActiveCfg = Release|Win32
		{654E1894-42E7-41A1-94FF-BB4447478597}.Win8.1 Release|Win32.Build.0 = Release|Win32
		{654E1894-42E7-41A1-94FF-BB4447478597}.Win8.1 Release|Win32.Deploy.0 = Release|Win32
		{654E1894-42E7-41A1-94FF-BB4447478597}.Win8.1 Release|x64.ActiveCfg = Release|x64
		{654E1894-42E7-41A1-94FF-BB4447478597}.Win8.1 Release|x64.Build.0 = Release|x64
		{654E1894-42E7-41A1-94FF-BB4447478597}.Win8.1 Release|x64.Deploy.0 = Release|x64
		{20551E83-3C58-4551-B8E9-FB6D90CCF832}.Debug|ARM.ActiveCfg = Debug|ARM
		{20551E83-3C58-4551-B8E9-FB6D90CCF832}.Debug|ARM.Build.0 = Debug|ARM
		{20551E83-3C58-4551-B8E9-FB6D90CCF832}.Debug|Win32.ActiveCfg = Debug|Win32
		{20551E83-3C58-4551-B8E9-FB6D90CCF832}.Debug|Win32.Build.0 = Debug|Win32
		{20551E83-3C58-4551-B8E9-FB6D90CCF832}.Debug|Win32.Deploy.0 = Debug|Win32
		{20551E83-3C58-4551-B8E9-FB6D90CCF832}.Debug|x64.ActiveCfg = Debug|x64
		{20551E83-3C58-4551-B8E9-FB6D90CCF832}.Debug|x64.Build.0 = Debug|x64
		{20551E83-3C58-4551-B8E9-FB6D90CCF832}.Debug|x64.Deploy.0 = Debug|x64
		{20551E83-3C58-4551-B8E9-FB6D90CCF832}.Release|ARM.ActiveCfg = Release|ARM
		{20551E83-3C58-4551-B8E9-FB6D90CCF832}.Release|ARM.Build.0 = Release|ARM
		{20551E83-3C58-4551-B8E9-FB6D90CCF832}.Release|Win32.ActiveCfg = Release|Win32
		{20551E83-3C58-4551-B8E9-FB6D90CCF832}.Release|Win32.Build.0 = Release|Win32
		{20551E83-3C58-4551-B8E9-FB6D90CCF832}.Release|Win32.Deploy.0 = Release|Win32
		{20551E83-3C58-4551-B8E9-FB6D90CCF832}.Release|x64.ActiveCfg = Release|x64
		{20551E83-3C58-4551-B8E9-FB6D90CCF832}.Release|x64.Build.0 = Release|x64
		{20551E83-3C58-4551-B8E9-FB6D90CCF832}.Release|x64.Deploy.0 = Release|x64
		{20551E83-3C58-4551-B8E9-FB6D90CCF832}.Win10 Debug|ARM.ActiveCfg = Debug|ARM
		{20551E83-3C58-4551-B8E9-FB6D90CCF832}.Win10 Debug|ARM.Build.0 = Debug|ARM
		{20551E83-3C58-4551-B8E9-FB6D90CCF832}.Win10 Debug|Win32.ActiveCfg = Debug|Win32
		{20551E83-3C58-4551-B8E9-FB6D90CCF832}.Win10 Debug|Win32.Build.0 = Debug|Win32
		{20551E83-3C58-4551-B8E9-FB6D90CCF832}.Win10 Debug|Win32.Deploy.0 = Debug|Win32
		{20551E83-3C58-4551-B8E9-FB6D90CCF832}.Win10 Debug|x64.ActiveCfg = Debug|x64
		{20551E83-3C58-4551-B8E9-FB6D90CCF832}.Win10 Debug|x64.Build.0 = Debug|x64
		{20551E83-3C58-4551-B8E9-FB6D90CCF832}.Win10 Release|ARM.ActiveCfg = Release|ARM
		{20551E83-3C58-4551-B8E9-FB6D90CCF832}.Win10 Release|ARM.Build.0 = Release|ARM
		{20551E83-3C58-4551-B8E9-FB6D90CCF832}.Win10 Release|Win32.ActiveCfg = Release|Win32
		{20551E83-3C58-4551-B8E9-FB6D90CCF832}.Win10 Release|Win32.Build.0 = Release|Win32
		{20551E83-3C58-4551-B8E9-FB6D90CCF832}.Win10 Release|Win32.Deploy.0 = Release|Win32
		{20551E83-3C58-4551-B8E9-FB6D90CCF832}.Win10 Release|x64.ActiveCfg = Release|x64
		{20551E83-3C58-4551-B8E9-FB6D90CCF832}.Win10 Release|x64.Build.0 = Release|x64
		{20551E83-3C58-4551-B8E9-FB6D90CCF832}.Win7 Debug|ARM.ActiveCfg = Debug|ARM
		{20551E83-3C58-4551-B8E9-FB6D90CCF832}.Win7 Debug|ARM.Build.0 = Debug|ARM
		{20551E83-3C58-4551-B8E9-FB6D90CCF832}.Win7 Debug|Win32.ActiveCfg = Debug|Win32
		{20551E83-3C58-4551-B8E9-FB6D90CCF832}.Win7 Debug|Win32.Build.0 = Debug|Win32
		{20551E83-3C58-4551-B8E9-FB6D90CCF832}.Win7 Debug|Win32.Deploy.0 = Debug|Win32
		{20551E83-3C58-4551-B8E9-FB6D90CCF832}.Win7 Debug|x64.ActiveCfg = Debug|Win32
		{20551E83-3C58-4551-B8E9-FB6D90CCF832}.Win7 Debug|x64.Build.0 = Debug|Win32
		{20551E83-3C58-4551-B8E9-FB6D90CCF832}.Win7 Debug|x64.Deploy.0 = Debug|Win32
		{20551E83-3C58-4551-B8E9-FB6D90CCF832}.Win7 Release|ARM.ActiveCfg = Release|ARM
		{20551E83-3C58-4551-B8E9-FB6D90CCF832}.Win7 Release|ARM.Build.0 = Release|ARM
		{20551E83-3C58-4551-B8E9-FB6D90CCF832}.Win7 Release|Win32.ActiveCfg = Release|Win32
		{20551E83-3C58-4551-B8E9-FB6D90CCF832}.Win7 Release|Win32.Build.0 = Release|Win32
		{20551E83-3C58-4551-B8E9-FB6D90CCF832}.Win7 Release|Win32.Deploy.0 = Release|Win32
		{20551E83-3C58-4551-B8E9-FB6D90CCF832}.Win7 Release|x64.ActiveCfg = Release|Win32
		{20551E83-3C58-4551-B8E9-FB6D90CCF832}.Win7 Release|x64.Build.0 = Release|Win32
		{20551E83-3C58-4551-B8E9-FB6D90CCF832}.Win7 Release|x64.Deploy.0 = Release|Win32
		{20551E83-3C58-4551-B8E9-FB6D90CCF832}.Win8 Debug|ARM.ActiveCfg = Debug|ARM
		{20551E83-3C58-4551-B8E9-FB6D90CCF832}.Win8 Debug|ARM.Build.0 = Debug|ARM
		{20551E83-3C58-4551-B8E9-FB6D90CCF832}.Win8 Debug|Win32.ActiveCfg = Debug|Win32
		{20551E83-3C58-4551-B8E9-FB6D90CCF832}.Win8 Debug|Win32.Build.0 = Debug|Win32
		{20551E83-3C58-4551-B8E9-FB6D90CCF832}.Win8 Debug|Win32.Deploy.0 = Debug|Win32
		{20551E83-3C58-4551-B8E9-FB6D90CCF832}.Win8 Debug|x64.ActiveCfg = Debug|Win32
		{20551E83-3C58-4551-B8E9-FB6D90CCF832}.Win8 Debug|x64.Build.0 = Debug|Win32
		{20551E83-3C58-4551-B8E9-FB6D90CCF832}.Win8 Debug|x64.Deploy.0 = Debug|Win32
		{20551E83-3C58-4551-B8E9-FB6D90CCF832}.Win8 Release|ARM.ActiveCfg = Release|ARM
		{20551E83-3C58-4551-B8E9-FB6D90CCF832}.Win8 Release|ARM.Build.0 = Release|ARM
		{20551E83-3C58-4551-B8E9-FB6D90CCF832}.Win8 Release|Win32.ActiveCfg = Release|Win32
		{20551E83-3C58-4551-B8E9-FB6D90CCF832}.Win8 Release|Win32.Build.0 = Release|Win32
		{20551E83-3C58-4551-B8E9-FB6D90CCF832}.Win8 Release|Win32.Deploy.0 = Release|Win32
		{20551E83-3C58-4551-B8E9-FB6D90CCF832}.Win8 Release|x64.ActiveCfg = Release|x64
		{20551E83-3C58-4551-B8E9-FB6D90CCF832}.Win8 Release|x64.Build.0 = Release|x64
		{20551E83-3C58-4551-B8E9-FB6D90CCF832}.Win8 Release|x64.Deploy.0 = Release|x64
		{20551E83-3C58-4551-B8E9-FB6D90CCF832}.Win8.1 Debug|ARM.ActiveCfg = Debug|ARM
		{20551E83-3C58-4551-B8E9-FB6D90CCF832}.Win8.1 Debug|ARM.Build.0 = Debug|ARM
		{20551E83-3C58-4551-B8E9-FB6D90CCF832}.Win8.1 Debug|Win32.ActiveCfg = Debug|Win32
		{20551E83-3C58-4551-B8E9-FB6D90CCF832}.Win8.1 Debug|Win32.Build.0 = Debug|Win32
		{20551E83-3C58-4551-B8E9-FB6D90CCF832}.Win8.1 Debug|Win32.Deploy.0 = Debug|Win32
		{20551E83-3C58-4551-B8E9-FB6D90CCF832}.Win8.1 Debug|x64.ActiveCfg = Debug|Win32
		{20551E83-3C58-4551-B8E9-FB6D90CCF832}.Win8.1 Debug|x64.Build.0 = Debug|Win32
		{20551E83-3C58-4551-B8E9-FB6D90CCF832}.Win8.1 Debug|x64.Deploy.0 = Debug|Win32
		{20551E83-3C58-4551-B8E9-FB6D90CCF832}.Win8.1 Release|ARM.ActiveCfg = Release|ARM
		{20551E83-3C58-4551-B8E9-FB6D90CCF832}.Win8.1 Release|ARM.Build.0 = Release|ARM
		{20551E83-3C58-4551-B8E9-FB6D90CCF832}.Win8.1 Release|Win32.ActiveCfg = Release|Win32
		{20551E83-3C58-4551-B8E9-FB6D90CCF832}.Win8.1 Release|Win32.Build.0 = Release|Win32
		{20551E83-3C58-4551-B8E9-FB6D90CCF832}.Win8.1 Release|Win32.Deploy.0 = Release|Win32
		{20551E83-3C58-4551-B8E9-FB6D90CCF832}.Win8.1 Release|x64.ActiveCfg = Release|x64
		{20551E83-3C58-4551-B8E9-FB6D90CCF832}.Win8.1 Release|x64.Build.0 = Release|x64
		{20551E83-3C58-4551-B8E9-FB6D90CCF832}.Win8.1 Release|x64.Deploy.0 = Release|x64
	EndGlobalSection
	GlobalSection(SolutionProperties) = preSolution
		HideSolutionNode = FALSE
	EndGlobalSection
EndGlobal
